
Microsoft Visual Studio Solution File, Format Version 12.00
Project("{FAE04EC0-301F-11D3-BF4B-00C04F79EFBC}") = "WalletApp.API", "WalletApp.API\WalletApp.API.csproj", "{31F3FD36-7482-4352-8B6C-AA7773644603}"
EndProject
Project("{FAE04EC0-301F-11D3-BF4B-00C04F79EFBC}") = "WalletApp.BL", "WalletApp.BL\WalletApp.BL.csproj", "{C30666ED-89A3-48D8-8F84-75C58D6E9FDD}"
EndProject
Project("{FAE04EC0-301F-11D3-BF4B-00C04F79EFBC}") = "WalletApp.Core", "WalletApp.Core\WalletApp.Core.csproj", "{779FA294-CACD-4241-B3AA-F8230F558F77}"
EndProject
Global
	GlobalSection(SolutionConfigurationPlatforms) = preSolution
		Debug|Any CPU = Debug|Any CPU
		Release|Any CPU = Release|Any CPU
	EndGlobalSection
	GlobalSection(ProjectConfigurationPlatforms) = postSolution
		{31F3FD36-7482-4352-8B6C-AA7773644603}.Debug|Any CPU.ActiveCfg = Debug|Any CPU
		{31F3FD36-7482-4352-8B6C-AA7773644603}.Debug|Any CPU.Build.0 = Debug|Any CPU
		{31F3FD36-7482-4352-8B6C-AA7773644603}.Release|Any CPU.ActiveCfg = Release|Any CPU
		{31F3FD36-7482-4352-8B6C-AA7773644603}.Release|Any CPU.Build.0 = Release|Any CPU
		{C30666ED-89A3-48D8-8F84-75C58D6E9FDD}.Debug|Any CPU.ActiveCfg = Debug|Any CPU
		{C30666ED-89A3-48D8-8F84-75C58D6E9FDD}.Debug|Any CPU.Build.0 = Debug|Any CPU
		{C30666ED-89A3-48D8-8F84-75C58D6E9FDD}.Release|Any CPU.ActiveCfg = Release|Any CPU
		{C30666ED-89A3-48D8-8F84-75C58D6E9FDD}.Release|Any CPU.Build.0 = Release|Any CPU
		{779FA294-CACD-4241-B3AA-F8230F558F77}.Debug|Any CPU.ActiveCfg = Debug|Any CPU
		{779FA294-CACD-4241-B3AA-F8230F558F77}.Debug|Any CPU.Build.0 = Debug|Any CPU
		{779FA294-CACD-4241-B3AA-F8230F558F77}.Release|Any CPU.ActiveCfg = Release|Any CPU
		{779FA294-CACD-4241-B3AA-F8230F558F77}.Release|Any CPU.Build.0 = Release|Any CPU
	EndGlobalSection
EndGlobal
